
Microsoft Visual Studio Solution File, Format Version 12.00
Project("{FAE04EC0-301F-11D3-BF4B-00C04F79EFBC}") = "SeaCollector", "SeaCollector\SeaCollector.csproj", "{5BDB0ACF-83A4-4A55-AB51-6192E36CBD60}"
EndProject
Global
	GlobalSection(SolutionConfigurationPlatforms) = preSolution
		Debug|Any CPU = Debug|Any CPU
		Release|Any CPU = Release|Any CPU
	EndGlobalSection
	GlobalSection(ProjectConfigurationPlatforms) = postSolution
		{5BDB0ACF-83A4-4A55-AB51-6192E36CBD60}.Debug|Any CPU.ActiveCfg = Debug|Any CPU
		{5BDB0ACF-83A4-4A55-AB51-6192E36CBD60}.Debug|Any CPU.Build.0 = Debug|Any CPU
		{5BDB0ACF-83A4-4A55-AB51-6192E36CBD60}.Release|Any CPU.ActiveCfg = Release|Any CPU
		{5BDB0ACF-83A4-4A55-AB51-6192E36CBD60}.Release|Any CPU.Build.0 = Release|Any CPU
	EndGlobalSection
EndGlobal
